
Microsoft Visual Studio Solution File, Format Version 12.00
# Visual Studio Version 17
VisualStudioVersion = 17.5.33414.496
MinimumVisualStudioVersion = 10.0.40219.1
Project("{8BC9CEB8-8B4A-11D0-8D11-00A0C91BC942}") = "staticfunction_151", "staticfunction_151\staticfunction_151.vcxproj", "{84BFF2B2-1646-4F61-88A9-A2B0DE168D42}"
EndProject
Project("{8BC9CEB8-8B4A-11D0-8D11-00A0C91BC942}") = "staticfunction2", "staticfunction2\staticfunction2.vcxproj", "{FD324A50-F6E5-4535-A386-C8DAE308707F}"
EndProject
Global
	GlobalSection(SolutionConfigurationPlatforms) = preSolution
		Debug|x64 = Debug|x64
		Debug|x86 = Debug|x86
		Release|x64 = Release|x64
		Release|x86 = Release|x86
	EndGlobalSection
	GlobalSection(ProjectConfigurationPlatforms) = postSolution
		{84BFF2B2-1646-4F61-88A9-A2B0DE168D42}.Debug|x64.ActiveCfg = Debug|x64
		{84BFF2B2-1646-4F61-88A9-A2B0DE168D42}.Debug|x64.Build.0 = Debug|x64
		{84BFF2B2-1646-4F61-88A9-A2B0DE168D42}.Debug|x86.ActiveCfg = Debug|Win32
		{84BFF2B2-1646-4F61-88A9-A2B0DE168D42}.Debug|x86.Build.0 = Debug|Win32
		{84BFF2B2-1646-4F61-88A9-A2B0DE168D42}.Release|x64.ActiveCfg = Release|x64
		{84BFF2B2-1646-4F61-88A9-A2B0DE168D42}.Release|x64.Build.0 = Release|x64
		{84BFF2B2-1646-4F61-88A9-A2B0DE168D42}.Release|x86.ActiveCfg = Release|Win32
		{84BFF2B2-1646-4F61-88A9-A2B0DE168D42}.Release|x86.Build.0 = Release|Win32
		{FD324A50-F6E5-4535-A386-C8DAE308707F}.Debug|x64.ActiveCfg = Debug|x64
		{FD324A50-F6E5-4535-A386-C8DAE308707F}.Debug|x64.Build.0 = Debug|x64
		{FD324A50-F6E5-4535-A386-C8DAE308707F}.Debug|x86.ActiveCfg = Debug|Win32
		{FD324A50-F6E5-4535-A386-C8DAE308707F}.Debug|x86.Build.0 = Debug|Win32
		{FD324A50-F6E5-4535-A386-C8DAE308707F}.Release|x64.ActiveCfg = Release|x64
		{FD324A50-F6E5-4535-A386-C8DAE308707F}.Release|x64.Build.0 = Release|x64
		{FD324A50-F6E5-4535-A386-C8DAE308707F}.Release|x86.ActiveCfg = Release|Win32
		{FD324A50-F6E5-4535-A386-C8DAE308707F}.Release|x86.Build.0 = Release|Win32
	EndGlobalSection
	GlobalSection(SolutionProperties) = preSolution
		HideSolutionNode = FALSE
	EndGlobalSection
	GlobalSection(ExtensibilityGlobals) = postSolution
		SolutionGuid = {9A7741BA-79A4-4C4A-B3D6-D412E9A80C47}
	EndGlobalSection
EndGlobal
